
Microsoft Visual Studio Solution File, Format Version 12.00
# Visual Studio Version 16
VisualStudioVersion = 16.6.30114.105
MinimumVisualStudioVersion = 10.0.40219.1
Project("{FAE04EC0-301F-11D3-BF4B-00C04F79EFBC}") = "CarDealerAPIService.Tests", "CarDealerAPIService.Tests\CarDealerAPIService.Tests.csproj", "{F7A1C5C6-5CF7-4152-A74A-06D67B87AC62}"
EndProject
Project("{FAE04EC0-301F-11D3-BF4B-00C04F79EFBC}") = "CarDealerApiService.App", "CarDealerApiService.App\CarDealerApiService.App.csproj", "{D48362FD-0E77-4725-967E-DA078B1E1B80}"
EndProject
Project("{2150E333-8FDC-42A3-9474-1A3956D46DE8}") = "src", "src", "{10ECC629-0284-49B1-8874-6A84CC154874}"
EndProject
Project("{2150E333-8FDC-42A3-9474-1A3956D46DE8}") = "tests", "tests", "{5B311935-25CE-4118-9A17-F17D110ED2EA}"
EndProject
Project("{FAE04EC0-301F-11D3-BF4B-00C04F79EFBC}") = "ConsoleApp", "ConsoleApp\ConsoleApp.csproj", "{44230088-1F98-45D9-9C7A-D0F0CE974C80}"
EndProject
Global
	GlobalSection(SolutionConfigurationPlatforms) = preSolution
		Debug|Any CPU = Debug|Any CPU
		Debug|x64 = Debug|x64
		Debug|x86 = Debug|x86
		Release|Any CPU = Release|Any CPU
		Release|x64 = Release|x64
		Release|x86 = Release|x86
	EndGlobalSection
	GlobalSection(SolutionProperties) = preSolution
		HideSolutionNode = FALSE
	EndGlobalSection
	GlobalSection(ProjectConfigurationPlatforms) = postSolution
		{F7A1C5C6-5CF7-4152-A74A-06D67B87AC62}.Debug|Any CPU.ActiveCfg = Debug|Any CPU
		{F7A1C5C6-5CF7-4152-A74A-06D67B87AC62}.Debug|Any CPU.Build.0 = Debug|Any CPU
		{F7A1C5C6-5CF7-4152-A74A-06D67B87AC62}.Debug|x64.ActiveCfg = Debug|Any CPU
		{F7A1C5C6-5CF7-4152-A74A-06D67B87AC62}.Debug|x64.Build.0 = Debug|Any CPU
		{F7A1C5C6-5CF7-4152-A74A-06D67B87AC62}.Debug|x86.ActiveCfg = Debug|Any CPU
		{F7A1C5C6-5CF7-4152-A74A-06D67B87AC62}.Debug|x86.Build.0 = Debug|Any CPU
		{F7A1C5C6-5CF7-4152-A74A-06D67B87AC62}.Release|Any CPU.ActiveCfg = Release|Any CPU
		{F7A1C5C6-5CF7-4152-A74A-06D67B87AC62}.Release|Any CPU.Build.0 = Release|Any CPU
		{F7A1C5C6-5CF7-4152-A74A-06D67B87AC62}.Release|x64.ActiveCfg = Release|Any CPU
		{F7A1C5C6-5CF7-4152-A74A-06D67B87AC62}.Release|x64.Build.0 = Release|Any CPU
		{F7A1C5C6-5CF7-4152-A74A-06D67B87AC62}.Release|x86.ActiveCfg = Release|Any CPU
		{F7A1C5C6-5CF7-4152-A74A-06D67B87AC62}.Release|x86.Build.0 = Release|Any CPU
		{D48362FD-0E77-4725-967E-DA078B1E1B80}.Debug|Any CPU.ActiveCfg = Debug|Any CPU
		{D48362FD-0E77-4725-967E-DA078B1E1B80}.Debug|Any CPU.Build.0 = Debug|Any CPU
		{D48362FD-0E77-4725-967E-DA078B1E1B80}.Debug|x64.ActiveCfg = Debug|Any CPU
		{D48362FD-0E77-4725-967E-DA078B1E1B80}.Debug|x64.Build.0 = Debug|Any CPU
		{D48362FD-0E77-4725-967E-DA078B1E1B80}.Debug|x86.ActiveCfg = Debug|Any CPU
		{D48362FD-0E77-4725-967E-DA078B1E1B80}.Debug|x86.Build.0 = Debug|Any CPU
		{D48362FD-0E77-4725-967E-DA078B1E1B80}.Release|Any CPU.ActiveCfg = Release|Any CPU
		{D48362FD-0E77-4725-967E-DA078B1E1B80}.Release|Any CPU.Build.0 = Release|Any CPU
		{D48362FD-0E77-4725-967E-DA078B1E1B80}.Release|x64.ActiveCfg = Release|Any CPU
		{D48362FD-0E77-4725-967E-DA078B1E1B80}.Release|x64.Build.0 = Release|Any CPU
		{D48362FD-0E77-4725-967E-DA078B1E1B80}.Release|x86.ActiveCfg = Release|Any CPU
		{D48362FD-0E77-4725-967E-DA078B1E1B80}.Release|x86.Build.0 = Release|Any CPU
		{44230088-1F98-45D9-9C7A-D0F0CE974C80}.Debug|Any CPU.ActiveCfg = Debug|Any CPU
		{44230088-1F98-45D9-9C7A-D0F0CE974C80}.Debug|Any CPU.Build.0 = Debug|Any CPU
		{44230088-1F98-45D9-9C7A-D0F0CE974C80}.Debug|x64.ActiveCfg = Debug|Any CPU
		{44230088-1F98-45D9-9C7A-D0F0CE974C80}.Debug|x64.Build.0 = Debug|Any CPU
		{44230088-1F98-45D9-9C7A-D0F0CE974C80}.Debug|x86.ActiveCfg = Debug|Any CPU
		{44230088-1F98-45D9-9C7A-D0F0CE974C80}.Debug|x86.Build.0 = Debug|Any CPU
		{44230088-1F98-45D9-9C7A-D0F0CE974C80}.Release|Any CPU.ActiveCfg = Release|Any CPU
		{44230088-1F98-45D9-9C7A-D0F0CE974C80}.Release|Any CPU.Build.0 = Release|Any CPU
		{44230088-1F98-45D9-9C7A-D0F0CE974C80}.Release|x64.ActiveCfg = Release|Any CPU
		{44230088-1F98-45D9-9C7A-D0F0CE974C80}.Release|x64.Build.0 = Release|Any CPU
		{44230088-1F98-45D9-9C7A-D0F0CE974C80}.Release|x86.ActiveCfg = Release|Any CPU
		{44230088-1F98-45D9-9C7A-D0F0CE974C80}.Release|x86.Build.0 = Release|Any CPU
	EndGlobalSection
	GlobalSection(NestedProjects) = preSolution
		{D48362FD-0E77-4725-967E-DA078B1E1B80} = {10ECC629-0284-49B1-8874-6A84CC154874}
		{F7A1C5C6-5CF7-4152-A74A-06D67B87AC62} = {5B311935-25CE-4118-9A17-F17D110ED2EA}
		{44230088-1F98-45D9-9C7A-D0F0CE974C80} = {10ECC629-0284-49B1-8874-6A84CC154874}
	EndGlobalSection
EndGlobal
